
Microsoft Visual Studio Solution File, Format Version 12.00
# Visual Studio Version 17
VisualStudioVersion = 17.10.35027.167
MinimumVisualStudioVersion = 10.0.40219.1
Project("{FAE04EC0-301F-11D3-BF4B-00C04F79EFBC}") = "WebApiNet", "WebApiNet.csproj", "{799910CC-94CD-4921-8AAD-108E21BA2F46}"
EndProject
Global
	GlobalSection(SolutionConfigurationPlatforms) = preSolution
		Debug|Any CPU = Debug|Any CPU
		Release|Any CPU = Release|Any CPU
	EndGlobalSection
	GlobalSection(ProjectConfigurationPlatforms) = postSolution
		{799910CC-94CD-4921-8AAD-108E21BA2F46}.Debug|Any CPU.ActiveCfg = Debug|Any CPU
		{799910CC-94CD-4921-8AAD-108E21BA2F46}.Debug|Any CPU.Build.0 = Debug|Any CPU
		{799910CC-94CD-4921-8AAD-108E21BA2F46}.Release|Any CPU.ActiveCfg = Release|Any CPU
		{799910CC-94CD-4921-8AAD-108E21BA2F46}.Release|Any CPU.Build.0 = Release|Any CPU
	EndGlobalSection
	GlobalSection(SolutionProperties) = preSolution
		HideSolutionNode = FALSE
	EndGlobalSection
	GlobalSection(ExtensibilityGlobals) = postSolution
		SolutionGuid = {6FF4CB8E-6D81-4BB2-9BD0-E2BAD8D4507C}
	EndGlobalSection
EndGlobal
